
Microsoft Visual Studio Solution File, Format Version 12.00
# Visual Studio Version 17
VisualStudioVersion = 17.4.33110.190
MinimumVisualStudioVersion = 10.0.40219.1
Project("{9A19103F-16F7-4668-BE54-9A1E7A4F7556}") = "TasksManagement", "TasksManagement\TasksManagement.csproj", "{5CE98960-BF5B-4CDA-950B-9FEEAE4F8C4B}"
EndProject
Project("{9A19103F-16F7-4668-BE54-9A1E7A4F7556}") = "CommonLayer", "CommonLayer\CommonLayer.csproj", "{22E6F4DB-3764-4AF8-A3AE-D4866C203744}"
EndProject
Project("{9A19103F-16F7-4668-BE54-9A1E7A4F7556}") = "RepositoryLayar", "RepositoryLayar\RepositoryLayar.csproj", "{A66A257F-11C2-4825-A84B-4E63AEFA01A2}"
EndProject
Global
	GlobalSection(SolutionConfigurationPlatforms) = preSolution
		Debug|Any CPU = Debug|Any CPU
		Release|Any CPU = Release|Any CPU
	EndGlobalSection
	GlobalSection(ProjectConfigurationPlatforms) = postSolution
		{5CE98960-BF5B-4CDA-950B-9FEEAE4F8C4B}.Debug|Any CPU.ActiveCfg = Debug|Any CPU
		{5CE98960-BF5B-4CDA-950B-9FEEAE4F8C4B}.Debug|Any CPU.Build.0 = Debug|Any CPU
		{5CE98960-BF5B-4CDA-950B-9FEEAE4F8C4B}.Release|Any CPU.ActiveCfg = Release|Any CPU
		{5CE98960-BF5B-4CDA-950B-9FEEAE4F8C4B}.Release|Any CPU.Build.0 = Release|Any CPU
		{22E6F4DB-3764-4AF8-A3AE-D4866C203744}.Debug|Any CPU.ActiveCfg = Debug|Any CPU
		{22E6F4DB-3764-4AF8-A3AE-D4866C203744}.Debug|Any CPU.Build.0 = Debug|Any CPU
		{22E6F4DB-3764-4AF8-A3AE-D4866C203744}.Release|Any CPU.ActiveCfg = Release|Any CPU
		{22E6F4DB-3764-4AF8-A3AE-D4866C203744}.Release|Any CPU.Build.0 = Release|Any CPU
		{A66A257F-11C2-4825-A84B-4E63AEFA01A2}.Debug|Any CPU.ActiveCfg = Debug|Any CPU
		{A66A257F-11C2-4825-A84B-4E63AEFA01A2}.Debug|Any CPU.Build.0 = Debug|Any CPU
		{A66A257F-11C2-4825-A84B-4E63AEFA01A2}.Release|Any CPU.ActiveCfg = Release|Any CPU
		{A66A257F-11C2-4825-A84B-4E63AEFA01A2}.Release|Any CPU.Build.0 = Release|Any CPU
	EndGlobalSection
	GlobalSection(SolutionProperties) = preSolution
		HideSolutionNode = FALSE
	EndGlobalSection
	GlobalSection(ExtensibilityGlobals) = postSolution
		SolutionGuid = {A20E6929-4114-4F13-AA1C-B1E9BBE26C55}
	EndGlobalSection
EndGlobal
